[[tools.dprint]]
version = "0.50.0"
backend = "asdf:dprint"

[[tools.node]]
version = "20.19.0"
backend = "core:node"
"platforms.linux-arm64" = { checksum = "sha256:618e4294602b78e97118a39050116b70d088b16197cd3819bba1fc18b473dfc4", url = "https://nodejs.org/dist/v20.19.0/node-v20.19.0-linux-arm64.tar.gz"}
"platforms.linux-x64" = { checksum = "sha256:8a4dbcdd8bccef3132d21e8543940557e55dcf44f00f0a99ba8a062f4552e722", url = "https://nodejs.org/dist/v20.19.0/node-v20.19.0-linux-x64.tar.gz"}
"platforms.macos-arm64" = { checksum = "sha256:c016cd1975a264a29dc1b07c6fbe60d5df0a0c2beb4113c0450e3d998d1a0d9c", url = "https://nodejs.org/dist/v20.19.0/node-v20.19.0-darwin-arm64.tar.gz"}
"platforms.macos-x64" = { checksum = "sha256:a8554af97d6491fdbdabe63d3a1cfb9571228d25a3ad9aed2df856facb131b20", url = "https://nodejs.org/dist/v20.19.0/node-v20.19.0-darwin-x64.tar.gz"}
"platforms.windows-x64" = { checksum = "sha256:be72284c7bc62de07d5a9fd0ae196879842c085f11f7f2b60bf8864c0c9d6a4f", url = "https://nodejs.org/dist/v20.19.0/node-v20.19.0-win-x64.zip"}

[[tools.pnpm]]
version = "10.12.1"
backend = "asdf:pnpm"

[[tools.pre-commit]]
version = "4.2.0"
backend = "asdf:pre-commit"

[[tools.shfmt]]
version = "3.11.0"
backend = "asdf:shfmt"

[[tools.uv]]
version = "0.8.17"
backend = "asdf:uv"
